// !$*UTF8*$!
{
	archiveVersion = 1;
	classes = {
	};
	objectVersion = 56;
	objects = {

/* Begin PBXBuildFile section */
		D05E8F4C2C03731400D101F9 /* ToDoListApp.swift in Sources */ = {isa = PBXBuildFile; fileRef = D05E8F4B2C03731400D101F9 /* ToDoListApp.swift */; };
		D05E8F4E2C03731400D101F9 /* MainView.swift in Sources */ = {isa = PBXBuildFile; fileRef = D05E8F4D2C03731400D101F9 /* MainView.swift */; };
		D05E8F502C03731600D101F9 /* Assets.xcassets in Resources */ = {isa = PBXBuildFile; fileRef = D05E8F4F2C03731600D101F9 /* Assets.xcassets */; };
		D05E8F532C03731600D101F9 /* Preview Assets.xcassets in Resources */ = {isa = PBXBuildFile; fileRef = D05E8F522C03731600D101F9 /* Preview Assets.xcassets */; };
		D05E8F5B2C037A0B00D101F9 /* FirebaseAuth in Frameworks */ = {isa = PBXBuildFile; productRef = D05E8F5A2C037A0B00D101F9 /* FirebaseAuth */; };
		D05E8F5D2C037A0B00D101F9 /* FirebaseFirestore in Frameworks */ = {isa = PBXBuildFile; productRef = D05E8F5C2C037A0B00D101F9 /* FirebaseFirestore */; };
		D05E8F5F2C037A0B00D101F9 /* FirebaseFirestoreSwift in Frameworks */ = {isa = PBXBuildFile; productRef = D05E8F5E2C037A0B00D101F9 /* FirebaseFirestoreSwift */; };
		D0E4CEB32C037BA9007B5E11 /* GoogleService-Info.plist in Resources */ = {isa = PBXBuildFile; fileRef = D0E4CEB22C037BA9007B5E11 /* GoogleService-Info.plist */; };
		D0FD78D62C038805004433B5 /* ProfileView.swift in Sources */ = {isa = PBXBuildFile; fileRef = D0FD78D52C038805004433B5 /* ProfileView.swift */; };
		D0FD78D82C03881D004433B5 /* ToDoListView.swift in Sources */ = {isa = PBXBuildFile; fileRef = D0FD78D72C03881D004433B5 /* ToDoListView.swift */; };
		D0FD78DA2C038830004433B5 /* NewItemView.swift in Sources */ = {isa = PBXBuildFile; fileRef = D0FD78D92C038830004433B5 /* NewItemView.swift */; };
		D0FD78DC2C038838004433B5 /* LoginView.swift in Sources */ = {isa = PBXBuildFile; fileRef = D0FD78DB2C038838004433B5 /* LoginView.swift */; };
		D0FD78DE2C038843004433B5 /* RegisterView.swift in Sources */ = {isa = PBXBuildFile; fileRef = D0FD78DD2C038843004433B5 /* RegisterView.swift */; };
		D0FD78E02C0388B6004433B5 /* ToDoListItemView.swift in Sources */ = {isa = PBXBuildFile; fileRef = D0FD78DF2C0388B6004433B5 /* ToDoListItemView.swift */; };
		D0FD78E22C0388F1004433B5 /* User.swift in Sources */ = {isa = PBXBuildFile; fileRef = D0FD78E12C0388F1004433B5 /* User.swift */; };
		D0FD78E42C0388F7004433B5 /* ToDoListItem.swift in Sources */ = {isa = PBXBuildFile; fileRef = D0FD78E32C0388F7004433B5 /* ToDoListItem.swift */; };
		D0FD78E62C038926004433B5 /* MainViewViewModel.swift in Sources */ = {isa = PBXBuildFile; fileRef = D0FD78E52C038926004433B5 /* MainViewViewModel.swift */; };
		D0FD78E82C03892B004433B5 /* ProfileViewViewModel.swift in Sources */ = {isa = PBXBuildFile; fileRef = D0FD78E72C03892B004433B5 /* ProfileViewViewModel.swift */; };
		D0FD78EA2C03893F004433B5 /* ToDoListViewViewModel.swift in Sources */ = {isa = PBXBuildFile; fileRef = D0FD78E92C03893F004433B5 /* ToDoListViewViewModel.swift */; };
		D0FD78EC2C03895F004433B5 /* NewItemViewViewModel.swift in Sources */ = {isa = PBXBuildFile; fileRef = D0FD78EB2C03895F004433B5 /* NewItemViewViewModel.swift */; };
		D0FD78EE2C038969004433B5 /* LoginViewViewModel.swift in Sources */ = {isa = PBXBuildFile; fileRef = D0FD78ED2C038969004433B5 /* LoginViewViewModel.swift */; };
		D0FD78F02C038970004433B5 /* RegisterViewViewModel.swift in Sources */ = {isa = PBXBuildFile; fileRef = D0FD78EF2C038970004433B5 /* RegisterViewViewModel.swift */; };
		D0FD78F22C038985004433B5 /* ToDoListItemViewViewModel.swift in Sources */ = {isa = PBXBuildFile; fileRef = D0FD78F12C038985004433B5 /* ToDoListItemViewViewModel.swift */; };
		D0FD78F42C0391DA004433B5 /* HeaderView.swift in Sources */ = {isa = PBXBuildFile; fileRef = D0FD78F32C0391DA004433B5 /* HeaderView.swift */; };
/* End PBXBuildFile section */

/* Begin PBXFileReference section */
		D05E8F482C03731400D101F9 /* ToDoList.app */ = {isa = PBXFileReference; explicitFileType = wrapper.application; includeInIndex = 0; path = ToDoList.app; sourceTree = BUILT_PRODUCTS_DIR; };
		D05E8F4B2C03731400D101F9 /* ToDoListApp.swift */ = {isa = PBXFileReference; lastKnownFileType = sourcecode.swift; path = ToDoListApp.swift; sourceTree = "<group>"; };
		D05E8F4D2C03731400D101F9 /* MainView.swift */ = {isa = PBXFileReference; lastKnownFileType = sourcecode.swift; path = MainView.swift; sourceTree = "<group>"; };
		D05E8F4F2C03731600D101F9 /* Assets.xcassets */ = {isa = PBXFileReference; lastKnownFileType = folder.assetcatalog; path = Assets.xcassets; sourceTree = "<group>"; };
		D05E8F522C03731600D101F9 /* Preview Assets.xcassets */ = {isa = PBXFileReference; lastKnownFileType = folder.assetcatalog; path = "Preview Assets.xcassets"; sourceTree = "<group>"; };
		D0E4CEB22C037BA9007B5E11 /* GoogleService-Info.plist */ = {isa = PBXFileReference; fileEncoding = 4; lastKnownFileType = text.plist.xml; path = "GoogleService-Info.plist"; sourceTree = "<group>"; };
		D0FD78D52C038805004433B5 /* ProfileView.swift */ = {isa = PBXFileReference; lastKnownFileType = sourcecode.swift; path = ProfileView.swift; sourceTree = "<group>"; };
		D0FD78D72C03881D004433B5 /* ToDoListView.swift */ = {isa = PBXFileReference; lastKnownFileType = sourcecode.swift; path = ToDoListView.swift; sourceTree = "<group>"; };
		D0FD78D92C038830004433B5 /* NewItemView.swift */ = {isa = PBXFileReference; lastKnownFileType = sourcecode.swift; path = NewItemView.swift; sourceTree = "<group>"; };
		D0FD78DB2C038838004433B5 /* LoginView.swift */ = {isa = PBXFileReference; lastKnownFileType = sourcecode.swift; path = LoginView.swift; sourceTree = "<group>"; };
		D0FD78DD2C038843004433B5 /* RegisterView.swift */ = {isa = PBXFileReference; lastKnownFileType = sourcecode.swift; path = RegisterView.swift; sourceTree = "<group>"; };
		D0FD78DF2C0388B6004433B5 /* ToDoListItemView.swift */ = {isa = PBXFileReference; lastKnownFileType = sourcecode.swift; path = ToDoListItemView.swift; sourceTree = "<group>"; };
		D0FD78E12C0388F1004433B5 /* User.swift */ = {isa = PBXFileReference; lastKnownFileType = sourcecode.swift; path = User.swift; sourceTree = "<group>"; };
		D0FD78E32C0388F7004433B5 /* ToDoListItem.swift */ = {isa = PBXFileReference; lastKnownFileType = sourcecode.swift; path = ToDoListItem.swift; sourceTree = "<group>"; };
		D0FD78E52C038926004433B5 /* MainViewViewModel.swift */ = {isa = PBXFileReference; lastKnownFileType = sourcecode.swift; path = MainViewViewModel.swift; sourceTree = "<group>"; };
		D0FD78E72C03892B004433B5 /* ProfileViewViewModel.swift */ = {isa = PBXFileReference; lastKnownFileType = sourcecode.swift; path = ProfileViewViewModel.swift; sourceTree = "<group>"; };
		D0FD78E92C03893F004433B5 /* ToDoListViewViewModel.swift */ = {isa = PBXFileReference; lastKnownFileType = sourcecode.swift; path = ToDoListViewViewModel.swift; sourceTree = "<group>"; };
		D0FD78EB2C03895F004433B5 /* NewItemViewViewModel.swift */ = {isa = PBXFileReference; lastKnownFileType = sourcecode.swift; path = NewItemViewViewModel.swift; sourceTree = "<group>"; };
		D0FD78ED2C038969004433B5 /* LoginViewViewModel.swift */ = {isa = PBXFileReference; lastKnownFileType = sourcecode.swift; path = LoginViewViewModel.swift; sourceTree = "<group>"; };
		D0FD78EF2C038970004433B5 /* RegisterViewViewModel.swift */ = {isa = PBXFileReference; lastKnownFileType = sourcecode.swift; path = RegisterViewViewModel.swift; sourceTree = "<group>"; };
		D0FD78F12C038985004433B5 /* ToDoListItemViewViewModel.swift */ = {isa = PBXFileReference; lastKnownFileType = sourcecode.swift; path = ToDoListItemViewViewModel.swift; sourceTree = "<group>"; };
		D0FD78F32C0391DA004433B5 /* HeaderView.swift */ = {isa = PBXFileReference; lastKnownFileType = sourcecode.swift; path = HeaderView.swift; sourceTree = "<group>"; };
/* End PBXFileReference section */

/* Begin PBXFrameworksBuildPhase section */
		D05E8F452C03731400D101F9 /* Frameworks */ = {
			isa = PBXFrameworksBuildPhase;
			buildActionMask = 2147483647;
			files = (
				D05E8F5B2C037A0B00D101F9 /* FirebaseAuth in Frameworks */,
				D05E8F5D2C037A0B00D101F9 /* FirebaseFirestore in Frameworks */,
				D05E8F5F2C037A0B00D101F9 /* FirebaseFirestoreSwift in Frameworks */,
			);
			runOnlyForDeploymentPostprocessing = 0;
		};
/* End PBXFrameworksBuildPhase section */

/* Begin PBXGroup section */
		D05E8F3F2C03731400D101F9 = {
			isa = PBXGroup;
			children = (
				D05E8F4A2C03731400D101F9 /* ToDoList */,
				D05E8F492C03731400D101F9 /* Products */,
			);
			sourceTree = "<group>";
		};
		D05E8F492C03731400D101F9 /* Products */ = {
			isa = PBXGroup;
			children = (
				D05E8F482C03731400D101F9 /* ToDoList.app */,
			);
			name = Products;
			sourceTree = "<group>";
		};
		D05E8F4A2C03731400D101F9 /* ToDoList */ = {
			isa = PBXGroup;
			children = (
				D0FD78D42C03864A004433B5 /* Others */,
				D0FD78D32C038622004433B5 /* Models */,
				D0FD78D22C038613004433B5 /* ViewModels */,
				D0FD78D02C038606004433B5 /* Views */,
				D05E8F512C03731600D101F9 /* Preview Content */,
			);
			path = ToDoList;
			sourceTree = "<group>";
		};
		D05E8F512C03731600D101F9 /* Preview Content */ = {
			isa = PBXGroup;
			children = (
				D05E8F522C03731600D101F9 /* Preview Assets.xcassets */,
			);
			path = "Preview Content";
			sourceTree = "<group>";
		};
		D0FD78D02C038606004433B5 /* Views */ = {
			isa = PBXGroup;
			children = (
				D05E8F4D2C03731400D101F9 /* MainView.swift */,
				D0FD78D52C038805004433B5 /* ProfileView.swift */,
				D0FD78D72C03881D004433B5 /* ToDoListView.swift */,
				D0FD78D92C038830004433B5 /* NewItemView.swift */,
				D0FD78DB2C038838004433B5 /* LoginView.swift */,
				D0FD78DD2C038843004433B5 /* RegisterView.swift */,
				D0FD78DF2C0388B6004433B5 /* ToDoListItemView.swift */,
				D0FD78F32C0391DA004433B5 /* HeaderView.swift */,
			);
			path = Views;
			sourceTree = "<group>";
		};
		D0FD78D22C038613004433B5 /* ViewModels */ = {
			isa = PBXGroup;
			children = (
				D0FD78E52C038926004433B5 /* MainViewViewModel.swift */,
				D0FD78E72C03892B004433B5 /* ProfileViewViewModel.swift */,
				D0FD78E92C03893F004433B5 /* ToDoListViewViewModel.swift */,
				D0FD78EB2C03895F004433B5 /* NewItemViewViewModel.swift */,
				D0FD78ED2C038969004433B5 /* LoginViewViewModel.swift */,
				D0FD78EF2C038970004433B5 /* RegisterViewViewModel.swift */,
				D0FD78F12C038985004433B5 /* ToDoListItemViewViewModel.swift */,
			);
			path = ViewModels;
			sourceTree = "<group>";
		};
		D0FD78D32C038622004433B5 /* Models */ = {
			isa = PBXGroup;
			children = (
				D0FD78E12C0388F1004433B5 /* User.swift */,
				D0FD78E32C0388F7004433B5 /* ToDoListItem.swift */,
			);
			path = Models;
			sourceTree = "<group>";
		};
		D0FD78D42C03864A004433B5 /* Others */ = {
			isa = PBXGroup;
			children = (
				D0E4CEB22C037BA9007B5E11 /* GoogleService-Info.plist */,
				D05E8F4B2C03731400D101F9 /* ToDoListApp.swift */,
				D05E8F4F2C03731600D101F9 /* Assets.xcassets */,
			);
			path = Others;
			sourceTree = "<group>";
		};
/* End PBXGroup section */

/* Begin PBXNativeTarget section */
		D05E8F472C03731400D101F9 /* ToDoList */ = {
			isa = PBXNativeTarget;
			buildConfigurationList = D05E8F562C03731600D101F9 /* Build configuration list for PBXNativeTarget "ToDoList" */;
			buildPhases = (
				D05E8F442C03731400D101F9 /* Sources */,
				D05E8F452C03731400D101F9 /* Frameworks */,
				D05E8F462C03731400D101F9 /* Resources */,
			);
			buildRules = (
			);
			dependencies = (
			);
			name = ToDoList;
			packageProductDependencies = (
				D05E8F5A2C037A0B00D101F9 /* FirebaseAuth */,
				D05E8F5C2C037A0B00D101F9 /* FirebaseFirestore */,
				D05E8F5E2C037A0B00D101F9 /* FirebaseFirestoreSwift */,
			);
			productName = ToDoList;
			productReference = D05E8F482C03731400D101F9 /* ToDoList.app */;
			productType = "com.apple.product-type.application";
		};
/* End PBXNativeTarget section */

/* Begin PBXProject section */
		D05E8F402C03731400D101F9 /* Project object */ = {
			isa = PBXProject;
			attributes = {
				BuildIndependentTargetsInParallel = 1;
				LastSwiftUpdateCheck = 1530;
				LastUpgradeCheck = 1530;
				TargetAttributes = {
					D05E8F472C03731400D101F9 = {
						CreatedOnToolsVersion = 15.3;
					};
				};
			};
			buildConfigurationList = D05E8F432C03731400D101F9 /* Build configuration list for PBXProject "ToDoList" */;
			compatibilityVersion = "Xcode 14.0";
			developmentRegion = en;
			hasScannedForEncodings = 0;
			knownRegions = (
				en,
				Base,
			);
			mainGroup = D05E8F3F2C03731400D101F9;
			packageReferences = (
				D05E8F592C037A0B00D101F9 /* XCRemoteSwiftPackageReference "firebase-ios-sdk" */,
			);
			productRefGroup = D05E8F492C03731400D101F9 /* Products */;
			projectDirPath = "";
			projectRoot = "";
			targets = (
				D05E8F472C03731400D101F9 /* ToDoList */,
			);
		};
/* End PBXProject section */

/* Begin PBXResourcesBuildPhase section */
		D05E8F462C03731400D101F9 /* Resources */ = {
			isa = PBXResourcesBuildPhase;
			buildActionMask = 2147483647;
			files = (
				D05E8F532C03731600D101F9 /* Preview Assets.xcassets in Resources */,
				D05E8F502C03731600D101F9 /* Assets.xcassets in Resources */,
				D0E4CEB32C037BA9007B5E11 /* GoogleService-Info.plist in Resources */,
			);
			runOnlyForDeploymentPostprocessing = 0;
		};
/* End PBXResourcesBuildPhase section */

/* Begin PBXSourcesBuildPhase section */
		D05E8F442C03731400D101F9 /* Sources */ = {
			isa = PBXSourcesBuildPhase;
			buildActionMask = 2147483647;
			files = (
				D0FD78DC2C038838004433B5 /* LoginView.swift in Sources */,
				D05E8F4E2C03731400D101F9 /* MainView.swift in Sources */,
				D0FD78F02C038970004433B5 /* RegisterViewViewModel.swift in Sources */,
				D0FD78E62C038926004433B5 /* MainViewViewModel.swift in Sources */,
				D0FD78D82C03881D004433B5 /* ToDoListView.swift in Sources */,
				D0FD78DE2C038843004433B5 /* RegisterView.swift in Sources */,
				D0FD78E82C03892B004433B5 /* ProfileViewViewModel.swift in Sources */,
				D0FD78D62C038805004433B5 /* ProfileView.swift in Sources */,
				D0FD78E22C0388F1004433B5 /* User.swift in Sources */,
				D0FD78E02C0388B6004433B5 /* ToDoListItemView.swift in Sources */,
				D0FD78F42C0391DA004433B5 /* HeaderView.swift in Sources */,
				D0FD78EA2C03893F004433B5 /* ToDoListViewViewModel.swift in Sources */,
				D0FD78EE2C038969004433B5 /* LoginViewViewModel.swift in Sources */,
				D05E8F4C2C03731400D101F9 /* ToDoListApp.swift in Sources */,
				D0FD78E42C0388F7004433B5 /* ToDoListItem.swift in Sources */,
				D0FD78DA2C038830004433B5 /* NewItemView.swift in Sources */,
				D0FD78EC2C03895F004433B5 /* NewItemViewViewModel.swift in Sources */,
				D0FD78F22C038985004433B5 /* ToDoListItemViewViewModel.swift in Sources */,
			);
			runOnlyForDeploymentPostprocessing = 0;
		};
/* End PBXSourcesBuildPhase section */

/* Begin XCBuildConfiguration section */
		D05E8F542C03731600D101F9 /* Debug */ = {
			isa = XCBuildConfiguration;
			buildSettings = {
				ALWAYS_SEARCH_USER_PATHS = NO;
				ASSETCATALOG_COMPILER_GENERATE_SWIFT_ASSET_SYMBOL_EXTENSIONS = YES;
				CLANG_ANALYZER_NONNULL = YES;
				CLANG_ANALYZER_NUMBER_OBJECT_CONVERSION = YES_AGGRESSIVE;
				CLANG_CXX_LANGUAGE_STANDARD = "gnu++20";
				CLANG_ENABLE_MODULES = YES;
				CLANG_ENABLE_OBJC_ARC = YES;
				CLANG_ENABLE_OBJC_WEAK = YES;
				CLANG_WARN_BLOCK_CAPTURE_AUTORELEASING = YES;
				CLANG_WARN_BOOL_CONVERSION = YES;
				CLANG_WARN_COMMA = YES;
				CLANG_WARN_CONSTANT_CONVERSION = YES;
				CLANG_WARN_DEPRECATED_OBJC_IMPLEMENTATIONS = YES;
				CLANG_WARN_DIRECT_OBJC_ISA_USAGE = YES_ERROR;
				CLANG_WARN_DOCUMENTATION_COMMENTS = YES;
				CLANG_WARN_EMPTY_BODY = YES;
				CLANG_WARN_ENUM_CONVERSION = YES;
				CLANG_WARN_INFINITE_RECURSION = YES;
				CLANG_WARN_INT_CONVERSION = YES;
				CLANG_WARN_NON_LITERAL_NULL_CONVERSION = YES;
				CLANG_WARN_OBJC_IMPLICIT_RETAIN_SELF = YES;
				CLANG_WARN_OBJC_LITERAL_CONVERSION = YES;
				CLANG_WARN_OBJC_ROOT_CLASS = YES_ERROR;
				CLANG_WARN_QUOTED_INCLUDE_IN_FRAMEWORK_HEADER = YES;
				CLANG_WARN_RANGE_LOOP_ANALYSIS = YES;
				CLANG_WARN_STRICT_PROTOTYPES = YES;
				CLANG_WARN_SUSPICIOUS_MOVE = YES;
				CLANG_WARN_UNGUARDED_AVAILABILITY = YES_AGGRESSIVE;
				CLANG_WARN_UNREACHABLE_CODE = YES;
				CLANG_WARN__DUPLICATE_METHOD_MATCH = YES;
				COPY_PHASE_STRIP = NO;
				DEBUG_INFORMATION_FORMAT = dwarf;
				ENABLE_STRICT_OBJC_MSGSEND = YES;
				ENABLE_TESTABILITY = YES;
				ENABLE_USER_SCRIPT_SANDBOXING = YES;
				GCC_C_LANGUAGE_STANDARD = gnu17;
				GCC_DYNAMIC_NO_PIC = NO;
				GCC_NO_COMMON_BLOCKS = YES;
				GCC_OPTIMIZATION_LEVEL = 0;
				GCC_PREPROCESSOR_DEFINITIONS = (
					"DEBUG=1",
					"$(inherited)",
				);
				GCC_WARN_64_TO_32_BIT_CONVERSION = YES;
				GCC_WARN_ABOUT_RETURN_TYPE = YES_ERROR;
				GCC_WARN_UNDECLARED_SELECTOR = YES;
				GCC_WARN_UNINITIALIZED_AUTOS = YES_AGGRESSIVE;
				GCC_WARN_UNUSED_FUNCTION = YES;
				GCC_WARN_UNUSED_VARIABLE = YES;
				IPHONEOS_DEPLOYMENT_TARGET = 17.4;
				LOCALIZATION_PREFERS_STRING_CATALOGS = YES;
				MTL_ENABLE_DEBUG_INFO = INCLUDE_SOURCE;
				MTL_FAST_MATH = YES;
				ONLY_ACTIVE_ARCH = YES;
				SDKROOT = iphoneos;
				SWIFT_ACTIVE_COMPILATION_CONDITIONS = "DEBUG $(inherited)";
				SWIFT_OPTIMIZATION_LEVEL = "-Onone";
			};
			name = Debug;
		};
		D05E8F552C03731600D101F9 /* Release */ = {
			isa = XCBuildConfiguration;
			buildSettings = {
				ALWAYS_SEARCH_USER_PATHS = NO;
				ASSETCATALOG_COMPILER_GENERATE_SWIFT_ASSET_SYMBOL_EXTENSIONS = YES;
				CLANG_ANALYZER_NONNULL = YES;
				CLANG_ANALYZER_NUMBER_OBJECT_CONVERSION = YES_AGGRESSIVE;
				CLANG_CXX_LANGUAGE_STANDARD = "gnu++20";
				CLANG_ENABLE_MODULES = YES;
				CLANG_ENABLE_OBJC_ARC = YES;
				CLANG_ENABLE_OBJC_WEAK = YES;
				CLANG_WARN_BLOCK_CAPTURE_AUTORELEASING = YES;
				CLANG_WARN_BOOL_CONVERSION = YES;
				CLANG_WARN_COMMA = YES;
				CLANG_WARN_CONSTANT_CONVERSION = YES;
				CLANG_WARN_DEPRECATED_OBJC_IMPLEMENTATIONS = YES;
				CLANG_WARN_DIRECT_OBJC_ISA_USAGE = YES_ERROR;
				CLANG_WARN_DOCUMENTATION_COMMENTS = YES;
				CLANG_WARN_EMPTY_BODY = YES;
				CLANG_WARN_ENUM_CONVERSION = YES;
				CLANG_WARN_INFINITE_RECURSION = YES;
				CLANG_WARN_INT_CONVERSION = YES;
				CLANG_WARN_NON_LITERAL_NULL_CONVERSION = YES;
				CLANG_WARN_OBJC_IMPLICIT_RETAIN_SELF = YES;
				CLANG_WARN_OBJC_LITERAL_CONVERSION = YES;
				CLANG_WARN_OBJC_ROOT_CLASS = YES_ERROR;
				CLANG_WARN_QUOTED_INCLUDE_IN_FRAMEWORK_HEADER = YES;
				CLANG_WARN_RANGE_LOOP_ANALYSIS = YES;
				CLANG_WARN_STRICT_PROTOTYPES = YES;
				CLANG_WARN_SUSPICIOUS_MOVE = YES;
				CLANG_WARN_UNGUARDED_AVAILABILITY = YES_AGGRESSIVE;
				CLANG_WARN_UNREACHABLE_CODE = YES;
				CLANG_WARN__DUPLICATE_METHOD_MATCH = YES;
				COPY_PHASE_STRIP = NO;
				DEBUG_INFORMATION_FORMAT = "dwarf-with-dsym";
				ENABLE_NS_ASSERTIONS = NO;
				ENABLE_STRICT_OBJC_MSGSEND = YES;
				ENABLE_USER_SCRIPT_SANDBOXING = YES;
				GCC_C_LANGUAGE_STANDARD = gnu17;
				GCC_NO_COMMON_BLOCKS = YES;
				GCC_WARN_64_TO_32_BIT_CONVERSION = YES;
				GCC_WARN_ABOUT_RETURN_TYPE = YES_ERROR;
				GCC_WARN_UNDECLARED_SELECTOR = YES;
				GCC_WARN_UNINITIALIZED_AUTOS = YES_AGGRESSIVE;
				GCC_WARN_UNUSED_FUNCTION = YES;
				GCC_WARN_UNUSED_VARIABLE = YES;
				IPHONEOS_DEPLOYMENT_TARGET = 17.4;
				LOCALIZATION_PREFERS_STRING_CATALOGS = YES;
				MTL_ENABLE_DEBUG_INFO = NO;
				MTL_FAST_MATH = YES;
				SDKROOT = iphoneos;
				SWIFT_COMPILATION_MODE = wholemodule;
				VALIDATE_PRODUCT = YES;
			};
			name = Release;
		};
		D05E8F572C03731600D101F9 /* Debug */ = {
			isa = XCBuildConfiguration;
			buildSettings = {
				ASSETCATALOG_COMPILER_APPICON_NAME = AppIcon;
				ASSETCATALOG_COMPILER_GLOBAL_ACCENT_COLOR_NAME = AccentColor;
				CODE_SIGN_STYLE = Automatic;
				CURRENT_PROJECT_VERSION = 1;
				DEVELOPMENT_ASSET_PATHS = "\"ToDoList/Preview Content\"";
				DEVELOPMENT_TEAM = Y63PN52S2N;
				ENABLE_PREVIEWS = YES;
				GENERATE_INFOPLIST_FILE = YES;
				INFOPLIST_KEY_CFBundleDisplayName = "To Do List";
				INFOPLIST_KEY_UIApplicationSceneManifest_Generation = YES;
				INFOPLIST_KEY_UIApplicationSupportsIndirectInputEvents = YES;
				INFOPLIST_KEY_UILaunchScreen_Generation = YES;
				INFOPLIST_KEY_UISupportedInterfaceOrientations = UIInterfaceOrientationPortrait;
				LD_RUNPATH_SEARCH_PATHS = (
					"$(inherited)",
					"@executable_path/Frameworks",
				);
				MARKETING_VERSION = 1.0;
				PRODUCT_BUNDLE_IDENTIFIER = com.AssanaliBatyrkhan.ToDoList;
				PRODUCT_NAME = "$(TARGET_NAME)";
				SWIFT_EMIT_LOC_STRINGS = YES;
				SWIFT_VERSION = 5.0;
				TARGETED_DEVICE_FAMILY = "1,2";
			};
			name = Debug;
		};
		D05E8F582C03731600D101F9 /* Release */ = {
			isa = XCBuildConfiguration;
			buildSettings = {
				ASSETCATALOG_COMPILER_APPICON_NAME = AppIcon;
				ASSETCATALOG_COMPILER_GLOBAL_ACCENT_COLOR_NAME = AccentColor;
				CODE_SIGN_STYLE = Automatic;
				CURRENT_PROJECT_VERSION = 1;
				DEVELOPMENT_ASSET_PATHS = "\"ToDoList/Preview Content\"";
				DEVELOPMENT_TEAM = Y63PN52S2N;
				ENABLE_PREVIEWS = YES;
				GENERATE_INFOPLIST_FILE = YES;
				INFOPLIST_KEY_CFBundleDisplayName = "To Do List";
				INFOPLIST_KEY_UIApplicationSceneManifest_Generation = YES;
				INFOPLIST_KEY_UIApplicationSupportsIndirectInputEvents = YES;
				INFOPLIST_KEY_UILaunchScreen_Generation = YES;
				INFOPLIST_KEY_UISupportedInterfaceOrientations = UIInterfaceOrientationPortrait;
				LD_RUNPATH_SEARCH_PATHS = (
					"$(inherited)",
					"@executable_path/Frameworks",
				);
				MARKETING_VERSION = 1.0;
				PRODUCT_BUNDLE_IDENTIFIER = com.AssanaliBatyrkhan.ToDoList;
				PRODUCT_NAME = "$(TARGET_NAME)";
				SWIFT_EMIT_LOC_STRINGS = YES;
				SWIFT_VERSION = 5.0;
				TARGETED_DEVICE_FAMILY = "1,2";
			};
			name = Release;
		};
/* End XCBuildConfiguration section */

/* Begin XCConfigurationList section */
		D05E8F432C03731400D101F9 /* Build configuration list for PBXProject "ToDoList" */ = {
			isa = XCConfigurationList;
			buildConfigurations = (
				D05E8F542C03731600D101F9 /* Debug */,
				D05E8F552C03731600D101F9 /* Release */,
			);
			defaultConfigurationIsVisible = 0;
			defaultConfigurationName = Release;
		};
		D05E8F562C03731600D101F9 /* Build configuration list for PBXNativeTarget "ToDoList" */ = {
			isa = XCConfigurationList;
			buildConfigurations = (
				D05E8F572C03731600D101F9 /* Debug */,
				D05E8F582C03731600D101F9 /* Release */,
			);
			defaultConfigurationIsVisible = 0;
			defaultConfigurationName = Release;
		};
/* End XCConfigurationList section */

/* Begin XCRemoteSwiftPackageReference section */
		D05E8F592C037A0B00D101F9 /* XCRemoteSwiftPackageReference "firebase-ios-sdk" */ = {
			isa = XCRemoteSwiftPackageReference;
			repositoryURL = "https://github.com/firebase/firebase-ios-sdk";
			requirement = {
				kind = upToNextMajorVersion;
				minimumVersion = 10.26.0;
			};
		};
/* End XCRemoteSwiftPackageReference section */

/* Begin XCSwiftPackageProductDependency section */
		D05E8F5A2C037A0B00D101F9 /* FirebaseAuth */ = {
			isa = XCSwiftPackageProductDependency;
			package = D05E8F592C037A0B00D101F9 /* XCRemoteSwiftPackageReference "firebase-ios-sdk" */;
			productName = FirebaseAuth;
		};
		D05E8F5C2C037A0B00D101F9 /* FirebaseFirestore */ = {
			isa = XCSwiftPackageProductDependency;
			package = D05E8F592C037A0B00D101F9 /* XCRemoteSwiftPackageReference "firebase-ios-sdk" */;
			productName = FirebaseFirestore;
		};
		D05E8F5E2C037A0B00D101F9 /* FirebaseFirestoreSwift */ = {
			isa = XCSwiftPackageProductDependency;
			package = D05E8F592C037A0B00D101F9 /* XCRemoteSwiftPackageReference "firebase-ios-sdk" */;
			productName = FirebaseFirestoreSwift;
		};
/* End XCSwiftPackageProductDependency section */
	};
	rootObject = D05E8F402C03731400D101F9 /* Project object */;
}
